
Microsoft Visual Studio Solution File, Format Version 12.00
# Visual Studio Version 16
VisualStudioVersion = 16.0.30330.147
MinimumVisualStudioVersion = 10.0.40219.1
Project("{9A19103F-16F7-4668-BE54-9A1E7A4F7556}") = "AutoDriving", "AutoDriving\AutoDriving.csproj", "{95CBC02B-675C-4561-A6DA-182D7D94F04B}"
EndProject
Project("{FAE04EC0-301F-11D3-BF4B-00C04F79EFBC}") = "AutoDrivingTest", "AutoDrivingTest\AutoDrivingTest.csproj", "{141DE88A-9C00-4159-BD5C-6F7626ED0522}"
EndProject
Global
	GlobalSection(SolutionConfigurationPlatforms) = preSolution
		Debug|Any CPU = Debug|Any CPU
		Release|Any CPU = Release|Any CPU
	EndGlobalSection
	GlobalSection(ProjectConfigurationPlatforms) = postSolution
		{95CBC02B-675C-4561-A6DA-182D7D94F04B}.Debug|Any CPU.ActiveCfg = Debug|Any CPU
		{95CBC02B-675C-4561-A6DA-182D7D94F04B}.Debug|Any CPU.Build.0 = Debug|Any CPU
		{95CBC02B-675C-4561-A6DA-182D7D94F04B}.Release|Any CPU.ActiveCfg = Release|Any CPU
		{95CBC02B-675C-4561-A6DA-182D7D94F04B}.Release|Any CPU.Build.0 = Release|Any CPU
		{141DE88A-9C00-4159-BD5C-6F7626ED0522}.Debug|Any CPU.ActiveCfg = Debug|Any CPU
		{141DE88A-9C00-4159-BD5C-6F7626ED0522}.Debug|Any CPU.Build.0 = Debug|Any CPU
		{141DE88A-9C00-4159-BD5C-6F7626ED0522}.Release|Any CPU.ActiveCfg = Release|Any CPU
		{141DE88A-9C00-4159-BD5C-6F7626ED0522}.Release|Any CPU.Build.0 = Release|Any CPU
	EndGlobalSection
	GlobalSection(SolutionProperties) = preSolution
		HideSolutionNode = FALSE
	EndGlobalSection
	GlobalSection(ExtensibilityGlobals) = postSolution
		SolutionGuid = {BFE000FF-A13F-4A8A-8F73-4A1CDB0688C4}
	EndGlobalSection
EndGlobal
